// !$*UTF8*$!
{
	archiveVersion = 1;
	classes = {
	};
	objectVersion = 55;
	objects = {

/* Begin PBXBuildFile section */
		6C46363C287AC3490030F7D8 /* CustomColorMap.swift in Sources */ = {isa = PBXBuildFile; fileRef = 6C46363B287AC3490030F7D8 /* CustomColorMap.swift */; };
		6C46363E287AC9FD0030F7D8 /* UIImage+Extensions.swift in Sources */ = {isa = PBXBuildFile; fileRef = 6C46363D287AC9FD0030F7D8 /* UIImage+Extensions.swift */; };
		6C76291327FC48DB005756E5 /* AppDelegate.swift in Sources */ = {isa = PBXBuildFile; fileRef = 6C76291227FC48DB005756E5 /* AppDelegate.swift */; };
		6C76291527FC48DB005756E5 /* SceneDelegate.swift in Sources */ = {isa = PBXBuildFile; fileRef = 6C76291427FC48DB005756E5 /* SceneDelegate.swift */; };
		6C76291727FC48DB005756E5 /* ViewController.swift in Sources */ = {isa = PBXBuildFile; fileRef = 6C76291627FC48DB005756E5 /* ViewController.swift */; };
		6C76291C27FC48DE005756E5 /* Assets.xcassets in Resources */ = {isa = PBXBuildFile; fileRef = 6C76291B27FC48DE005756E5 /* Assets.xcassets */; };
		6C76291F27FC48DE005756E5 /* LaunchScreen.storyboard in Resources */ = {isa = PBXBuildFile; fileRef = 6C76291D27FC48DE005756E5 /* LaunchScreen.storyboard */; };
		6C76292927FD9BCD005756E5 /* PreviewView.swift in Sources */ = {isa = PBXBuildFile; fileRef = 6C76292827FD9BCD005756E5 /* PreviewView.swift */; };
		6C76292C27FD9C3B005756E5 /* Layout.swift in Sources */ = {isa = PBXBuildFile; fileRef = 6C76292B27FD9C3B005756E5 /* Layout.swift */; };
		6C76292F27FD9CB2005756E5 /* CameraSessionManager.swift in Sources */ = {isa = PBXBuildFile; fileRef = 6C76292E27FD9CB2005756E5 /* CameraSessionManager.swift */; };
		6C76293427FDA1E6005756E5 /* AlphaBlend.swift in Sources */ = {isa = PBXBuildFile; fileRef = 6C76293327FDA1E6005756E5 /* AlphaBlend.swift */; };
		6C76293827FDA396005756E5 /* sample1.jpeg in Resources */ = {isa = PBXBuildFile; fileRef = 6C76293627FDA396005756E5 /* sample1.jpeg */; };
		6C76293927FDA396005756E5 /* sample2.jpeg in Resources */ = {isa = PBXBuildFile; fileRef = 6C76293727FDA396005756E5 /* sample2.jpeg */; };
		6C76293B27FDBBCE005756E5 /* Resources.swift in Sources */ = {isa = PBXBuildFile; fileRef = 6C76293A27FDBBCE005756E5 /* Resources.swift */; };
/* End PBXBuildFile section */

/* Begin PBXFileReference section */
		6C46363B287AC3490030F7D8 /* CustomColorMap.swift */ = {isa = PBXFileReference; lastKnownFileType = sourcecode.swift; path = CustomColorMap.swift; sourceTree = "<group>"; };
		6C46363D287AC9FD0030F7D8 /* UIImage+Extensions.swift */ = {isa = PBXFileReference; lastKnownFileType = sourcecode.swift; path = "UIImage+Extensions.swift"; sourceTree = "<group>"; };
		6C76290F27FC48DB005756E5 /* CIFilterPlayground.app */ = {isa = PBXFileReference; explicitFileType = wrapper.application; includeInIndex = 0; path = CIFilterPlayground.app; sourceTree = BUILT_PRODUCTS_DIR; };
		6C76291227FC48DB005756E5 /* AppDelegate.swift */ = {isa = PBXFileReference; lastKnownFileType = sourcecode.swift; path = AppDelegate.swift; sourceTree = "<group>"; };
		6C76291427FC48DB005756E5 /* SceneDelegate.swift */ = {isa = PBXFileReference; lastKnownFileType = sourcecode.swift; path = SceneDelegate.swift; sourceTree = "<group>"; };
		6C76291627FC48DB005756E5 /* ViewController.swift */ = {isa = PBXFileReference; lastKnownFileType = sourcecode.swift; path = ViewController.swift; sourceTree = "<group>"; };
		6C76291B27FC48DE005756E5 /* Assets.xcassets */ = {isa = PBXFileReference; lastKnownFileType = folder.assetcatalog; path = Assets.xcassets; sourceTree = "<group>"; };
		6C76291E27FC48DE005756E5 /* Base */ = {isa = PBXFileReference; lastKnownFileType = file.storyboard; name = Base; path = Base.lproj/LaunchScreen.storyboard; sourceTree = "<group>"; };
		6C76292027FC48DE005756E5 /* Info.plist */ = {isa = PBXFileReference; lastKnownFileType = text.plist.xml; path = Info.plist; sourceTree = "<group>"; };
		6C76292827FD9BCD005756E5 /* PreviewView.swift */ = {isa = PBXFileReference; lastKnownFileType = sourcecode.swift; path = PreviewView.swift; sourceTree = "<group>"; };
		6C76292B27FD9C3B005756E5 /* Layout.swift */ = {isa = PBXFileReference; lastKnownFileType = sourcecode.swift; path = Layout.swift; sourceTree = "<group>"; };
		6C76292E27FD9CB2005756E5 /* CameraSessionManager.swift */ = {isa = PBXFileReference; lastKnownFileType = sourcecode.swift; path = CameraSessionManager.swift; sourceTree = "<group>"; };
		6C76293327FDA1E6005756E5 /* AlphaBlend.swift */ = {isa = PBXFileReference; lastKnownFileType = sourcecode.swift; path = AlphaBlend.swift; sourceTree = "<group>"; };
		6C76293627FDA396005756E5 /* sample1.jpeg */ = {isa = PBXFileReference; lastKnownFileType = image.jpeg; path = sample1.jpeg; sourceTree = "<group>"; };
		6C76293727FDA396005756E5 /* sample2.jpeg */ = {isa = PBXFileReference; lastKnownFileType = image.jpeg; path = sample2.jpeg; sourceTree = "<group>"; };
		6C76293A27FDBBCE005756E5 /* Resources.swift */ = {isa = PBXFileReference; lastKnownFileType = sourcecode.swift; path = Resources.swift; sourceTree = "<group>"; };
/* End PBXFileReference section */

/* Begin PBXFrameworksBuildPhase section */
		6C76290C27FC48DB005756E5 /* Frameworks */ = {
			isa = PBXFrameworksBuildPhase;
			buildActionMask = 2147483647;
			files = (
			);
			runOnlyForDeploymentPostprocessing = 0;
		};
/* End PBXFrameworksBuildPhase section */

/* Begin PBXGroup section */
		6C76290627FC48DB005756E5 = {
			isa = PBXGroup;
			children = (
				6C76291127FC48DB005756E5 /* CIFilterPlayground */,
				6C76291027FC48DB005756E5 /* Products */,
			);
			sourceTree = "<group>";
		};
		6C76291027FC48DB005756E5 /* Products */ = {
			isa = PBXGroup;
			children = (
				6C76290F27FC48DB005756E5 /* CIFilterPlayground.app */,
			);
			name = Products;
			sourceTree = "<group>";
		};
		6C76291127FC48DB005756E5 /* CIFilterPlayground */ = {
			isa = PBXGroup;
			children = (
				6C76293527FDA367005756E5 /* Sample resources */,
				6C76293027FD9CFB005756E5 /* CIFilters */,
				6C76292D27FD9CA0005756E5 /* Camera */,
				6C76292A27FD9C32005756E5 /* Helpers */,
				6C76292727FD9BBC005756E5 /* Views */,
				6C76292627FD9BAE005756E5 /* AppDelegate */,
				6C76291B27FC48DE005756E5 /* Assets.xcassets */,
				6C76291D27FC48DE005756E5 /* LaunchScreen.storyboard */,
				6C76292027FC48DE005756E5 /* Info.plist */,
			);
			path = CIFilterPlayground;
			sourceTree = "<group>";
		};
		6C76292627FD9BAE005756E5 /* AppDelegate */ = {
			isa = PBXGroup;
			children = (
				6C76291227FC48DB005756E5 /* AppDelegate.swift */,
				6C76291427FC48DB005756E5 /* SceneDelegate.swift */,
			);
			path = AppDelegate;
			sourceTree = "<group>";
		};
		6C76292727FD9BBC005756E5 /* Views */ = {
			isa = PBXGroup;
			children = (
				6C76292827FD9BCD005756E5 /* PreviewView.swift */,
				6C76291627FC48DB005756E5 /* ViewController.swift */,
			);
			path = Views;
			sourceTree = "<group>";
		};
		6C76292A27FD9C32005756E5 /* Helpers */ = {
			isa = PBXGroup;
			children = (
				6C76292B27FD9C3B005756E5 /* Layout.swift */,
				6C46363D287AC9FD0030F7D8 /* UIImage+Extensions.swift */,
				6C76293A27FDBBCE005756E5 /* Resources.swift */,
			);
			path = Helpers;
			sourceTree = "<group>";
		};
		6C76292D27FD9CA0005756E5 /* Camera */ = {
			isa = PBXGroup;
			children = (
				6C76292E27FD9CB2005756E5 /* CameraSessionManager.swift */,
			);
			path = Camera;
			sourceTree = "<group>";
		};
		6C76293027FD9CFB005756E5 /* CIFilters */ = {
			isa = PBXGroup;
			children = (
				6C76293327FDA1E6005756E5 /* AlphaBlend.swift */,
				6C46363B287AC3490030F7D8 /* CustomColorMap.swift */,
			);
			path = CIFilters;
			sourceTree = "<group>";
		};
		6C76293527FDA367005756E5 /* Sample resources */ = {
			isa = PBXGroup;
			children = (
				6C76293627FDA396005756E5 /* sample1.jpeg */,
				6C76293727FDA396005756E5 /* sample2.jpeg */,
			);
			path = "Sample resources";
			sourceTree = "<group>";
		};
/* End PBXGroup section */

/* Begin PBXNativeTarget section */
		6C76290E27FC48DB005756E5 /* CIFilterPlayground */ = {
			isa = PBXNativeTarget;
			buildConfigurationList = 6C76292327FC48DE005756E5 /* Build configuration list for PBXNativeTarget "CIFilterPlayground" */;
			buildPhases = (
				6C76290B27FC48DB005756E5 /* Sources */,
				6C76290C27FC48DB005756E5 /* Frameworks */,
				6C76290D27FC48DB005756E5 /* Resources */,
			);
			buildRules = (
			);
			dependencies = (
			);
			name = CIFilterPlayground;
			productName = CIFilterPlayground;
			productReference = 6C76290F27FC48DB005756E5 /* CIFilterPlayground.app */;
			productType = "com.apple.product-type.application";
		};
/* End PBXNativeTarget section */

/* Begin PBXProject section */
		6C76290727FC48DB005756E5 /* Project object */ = {
			isa = PBXProject;
			attributes = {
				BuildIndependentTargetsInParallel = 1;
				LastSwiftUpdateCheck = 1330;
				LastUpgradeCheck = 1330;
				TargetAttributes = {
					6C76290E27FC48DB005756E5 = {
						CreatedOnToolsVersion = 13.3;
					};
				};
			};
			buildConfigurationList = 6C76290A27FC48DB005756E5 /* Build configuration list for PBXProject "CIFilterPlayground" */;
			compatibilityVersion = "Xcode 13.0";
			developmentRegion = en;
			hasScannedForEncodings = 0;
			knownRegions = (
				en,
				Base,
			);
			mainGroup = 6C76290627FC48DB005756E5;
			productRefGroup = 6C76291027FC48DB005756E5 /* Products */;
			projectDirPath = "";
			projectRoot = "";
			targets = (
				6C76290E27FC48DB005756E5 /* CIFilterPlayground */,
			);
		};
/* End PBXProject section */

/* Begin PBXResourcesBuildPhase section */
		6C76290D27FC48DB005756E5 /* Resources */ = {
			isa = PBXResourcesBuildPhase;
			buildActionMask = 2147483647;
			files = (
				6C76293927FDA396005756E5 /* sample2.jpeg in Resources */,
				6C76291F27FC48DE005756E5 /* LaunchScreen.storyboard in Resources */,
				6C76291C27FC48DE005756E5 /* Assets.xcassets in Resources */,
				6C76293827FDA396005756E5 /* sample1.jpeg in Resources */,
			);
			runOnlyForDeploymentPostprocessing = 0;
		};
/* End PBXResourcesBuildPhase section */

/* Begin PBXSourcesBuildPhase section */
		6C76290B27FC48DB005756E5 /* Sources */ = {
			isa = PBXSourcesBuildPhase;
			buildActionMask = 2147483647;
			files = (
				6C76291727FC48DB005756E5 /* ViewController.swift in Sources */,
				6C76292927FD9BCD005756E5 /* PreviewView.swift in Sources */,
				6C76293427FDA1E6005756E5 /* AlphaBlend.swift in Sources */,
				6C76292C27FD9C3B005756E5 /* Layout.swift in Sources */,
				6C46363C287AC3490030F7D8 /* CustomColorMap.swift in Sources */,
				6C76291327FC48DB005756E5 /* AppDelegate.swift in Sources */,
				6C76291527FC48DB005756E5 /* SceneDelegate.swift in Sources */,
				6C46363E287AC9FD0030F7D8 /* UIImage+Extensions.swift in Sources */,
				6C76293B27FDBBCE005756E5 /* Resources.swift in Sources */,
				6C76292F27FD9CB2005756E5 /* CameraSessionManager.swift in Sources */,
			);
			runOnlyForDeploymentPostprocessing = 0;
		};
/* End PBXSourcesBuildPhase section */

/* Begin PBXVariantGroup section */
		6C76291D27FC48DE005756E5 /* LaunchScreen.storyboard */ = {
			isa = PBXVariantGroup;
			children = (
				6C76291E27FC48DE005756E5 /* Base */,
			);
			name = LaunchScreen.storyboard;
			sourceTree = "<group>";
		};
/* End PBXVariantGroup section */

/* Begin XCBuildConfiguration section */
		6C76292127FC48DE005756E5 /* Debug */ = {
			isa = XCBuildConfiguration;
			buildSettings = {
				ALWAYS_SEARCH_USER_PATHS = NO;
				CLANG_ANALYZER_NONNULL = YES;
				CLANG_ANALYZER_NUMBER_OBJECT_CONVERSION = YES_AGGRESSIVE;
				CLANG_CXX_LANGUAGE_STANDARD = "gnu++17";
				CLANG_ENABLE_MODULES = YES;
				CLANG_ENABLE_OBJC_ARC = YES;
				CLANG_ENABLE_OBJC_WEAK = YES;
				CLANG_WARN_BLOCK_CAPTURE_AUTORELEASING = YES;
				CLANG_WARN_BOOL_CONVERSION = YES;
				CLANG_WARN_COMMA = YES;
				CLANG_WARN_CONSTANT_CONVERSION = YES;
				CLANG_WARN_DEPRECATED_OBJC_IMPLEMENTATIONS = YES;
				CLANG_WARN_DIRECT_OBJC_ISA_USAGE = YES_ERROR;
				CLANG_WARN_DOCUMENTATION_COMMENTS = YES;
				CLANG_WARN_EMPTY_BODY = YES;
				CLANG_WARN_ENUM_CONVERSION = YES;
				CLANG_WARN_INFINITE_RECURSION = YES;
				CLANG_WARN_INT_CONVERSION = YES;
				CLANG_WARN_NON_LITERAL_NULL_CONVERSION = YES;
				CLANG_WARN_OBJC_IMPLICIT_RETAIN_SELF = YES;
				CLANG_WARN_OBJC_LITERAL_CONVERSION = YES;
				CLANG_WARN_OBJC_ROOT_CLASS = YES_ERROR;
				CLANG_WARN_QUOTED_INCLUDE_IN_FRAMEWORK_HEADER = YES;
				CLANG_WARN_RANGE_LOOP_ANALYSIS = YES;
				CLANG_WARN_STRICT_PROTOTYPES = YES;
				CLANG_WARN_SUSPICIOUS_MOVE = YES;
				CLANG_WARN_UNGUARDED_AVAILABILITY = YES_AGGRESSIVE;
				CLANG_WARN_UNREACHABLE_CODE = YES;
				CLANG_WARN__DUPLICATE_METHOD_MATCH = YES;
				COPY_PHASE_STRIP = NO;
				DEBUG_INFORMATION_FORMAT = dwarf;
				ENABLE_STRICT_OBJC_MSGSEND = YES;
				ENABLE_TESTABILITY = YES;
				GCC_C_LANGUAGE_STANDARD = gnu11;
				GCC_DYNAMIC_NO_PIC = NO;
				GCC_NO_COMMON_BLOCKS = YES;
				GCC_OPTIMIZATION_LEVEL = 0;
				GCC_PREPROCESSOR_DEFINITIONS = (
					"DEBUG=1",
					"$(inherited)",
				);
				GCC_WARN_64_TO_32_BIT_CONVERSION = YES;
				GCC_WARN_ABOUT_RETURN_TYPE = YES_ERROR;
				GCC_WARN_UNDECLARED_SELECTOR = YES;
				GCC_WARN_UNINITIALIZED_AUTOS = YES_AGGRESSIVE;
				GCC_WARN_UNUSED_FUNCTION = YES;
				GCC_WARN_UNUSED_VARIABLE = YES;
				IPHONEOS_DEPLOYMENT_TARGET = 14.0;
				MTL_ENABLE_DEBUG_INFO = INCLUDE_SOURCE;
				MTL_FAST_MATH = YES;
				ONLY_ACTIVE_ARCH = YES;
				SDKROOT = iphoneos;
				SWIFT_ACTIVE_COMPILATION_CONDITIONS = DEBUG;
				SWIFT_OPTIMIZATION_LEVEL = "-Onone";
			};
			name = Debug;
		};
		6C76292227FC48DE005756E5 /* Release */ = {
			isa = XCBuildConfiguration;
			buildSettings = {
				ALWAYS_SEARCH_USER_PATHS = NO;
				CLANG_ANALYZER_NONNULL = YES;
				CLANG_ANALYZER_NUMBER_OBJECT_CONVERSION = YES_AGGRESSIVE;
				CLANG_CXX_LANGUAGE_STANDARD = "gnu++17";
				CLANG_ENABLE_MODULES = YES;
				CLANG_ENABLE_OBJC_ARC = YES;
				CLANG_ENABLE_OBJC_WEAK = YES;
				CLANG_WARN_BLOCK_CAPTURE_AUTORELEASING = YES;
				CLANG_WARN_BOOL_CONVERSION = YES;
				CLANG_WARN_COMMA = YES;
				CLANG_WARN_CONSTANT_CONVERSION = YES;
				CLANG_WARN_DEPRECATED_OBJC_IMPLEMENTATIONS = YES;
				CLANG_WARN_DIRECT_OBJC_ISA_USAGE = YES_ERROR;
				CLANG_WARN_DOCUMENTATION_COMMENTS = YES;
				CLANG_WARN_EMPTY_BODY = YES;
				CLANG_WARN_ENUM_CONVERSION = YES;
				CLANG_WARN_INFINITE_RECURSION = YES;
				CLANG_WARN_INT_CONVERSION = YES;
				CLANG_WARN_NON_LITERAL_NULL_CONVERSION = YES;
				CLANG_WARN_OBJC_IMPLICIT_RETAIN_SELF = YES;
				CLANG_WARN_OBJC_LITERAL_CONVERSION = YES;
				CLANG_WARN_OBJC_ROOT_CLASS = YES_ERROR;
				CLANG_WARN_QUOTED_INCLUDE_IN_FRAMEWORK_HEADER = YES;
				CLANG_WARN_RANGE_LOOP_ANALYSIS = YES;
				CLANG_WARN_STRICT_PROTOTYPES = YES;
				CLANG_WARN_SUSPICIOUS_MOVE = YES;
				CLANG_WARN_UNGUARDED_AVAILABILITY = YES_AGGRESSIVE;
				CLANG_WARN_UNREACHABLE_CODE = YES;
				CLANG_WARN__DUPLICATE_METHOD_MATCH = YES;
				COPY_PHASE_STRIP = NO;
				DEBUG_INFORMATION_FORMAT = "dwarf-with-dsym";
				ENABLE_NS_ASSERTIONS = NO;
				ENABLE_STRICT_OBJC_MSGSEND = YES;
				GCC_C_LANGUAGE_STANDARD = gnu11;
				GCC_NO_COMMON_BLOCKS = YES;
				GCC_WARN_64_TO_32_BIT_CONVERSION = YES;
				GCC_WARN_ABOUT_RETURN_TYPE = YES_ERROR;
				GCC_WARN_UNDECLARED_SELECTOR = YES;
				GCC_WARN_UNINITIALIZED_AUTOS = YES_AGGRESSIVE;
				GCC_WARN_UNUSED_FUNCTION = YES;
				GCC_WARN_UNUSED_VARIABLE = YES;
				IPHONEOS_DEPLOYMENT_TARGET = 14.0;
				MTL_ENABLE_DEBUG_INFO = NO;
				MTL_FAST_MATH = YES;
				SDKROOT = iphoneos;
				SWIFT_COMPILATION_MODE = wholemodule;
				SWIFT_OPTIMIZATION_LEVEL = "-O";
				VALIDATE_PRODUCT = YES;
			};
			name = Release;
		};
		6C76292427FC48DE005756E5 /* Debug */ = {
			isa = XCBuildConfiguration;
			buildSettings = {
				ASSETCATALOG_COMPILER_APPICON_NAME = AppIcon;
				ASSETCATALOG_COMPILER_GLOBAL_ACCENT_COLOR_NAME = AccentColor;
				CODE_SIGN_STYLE = Automatic;
				CURRENT_PROJECT_VERSION = 1;
				DEVELOPMENT_TEAM = PNH8U7HQY6;
				GENERATE_INFOPLIST_FILE = YES;
				INFOPLIST_FILE = CIFilterPlayground/Info.plist;
				INFOPLIST_KEY_UIApplicationSupportsIndirectInputEvents = YES;
				INFOPLIST_KEY_UILaunchStoryboardName = LaunchScreen;
				INFOPLIST_KEY_UIMainStoryboardFile = LaunchScreen;
				INFOPLIST_KEY_UISupportedInterfaceOrientations_iPad = "UIInterfaceOrientationPortrait UIInterfaceOrientationPortraitUpsideDown UIInterfaceOrientationLandscapeLeft UIInterfaceOrientationLandscapeRight";
				INFOPLIST_KEY_UISupportedInterfaceOrientations_iPhone = "UIInterfaceOrientationPortrait UIInterfaceOrientationLandscapeLeft UIInterfaceOrientationLandscapeRight";
				LD_RUNPATH_SEARCH_PATHS = (
					"$(inherited)",
					"@executable_path/Frameworks",
				);
				MARKETING_VERSION = 1.0;
				PRODUCT_BUNDLE_IDENTIFIER = swift.CIFilterPlayground;
				PRODUCT_NAME = "$(TARGET_NAME)";
				SWIFT_EMIT_LOC_STRINGS = YES;
				SWIFT_VERSION = 5.0;
				TARGETED_DEVICE_FAMILY = "1,2";
			};
			name = Debug;
		};
		6C76292527FC48DE005756E5 /* Release */ = {
			isa = XCBuildConfiguration;
			buildSettings = {
				ASSETCATALOG_COMPILER_APPICON_NAME = AppIcon;
				ASSETCATALOG_COMPILER_GLOBAL_ACCENT_COLOR_NAME = AccentColor;
				CODE_SIGN_STYLE = Automatic;
				CURRENT_PROJECT_VERSION = 1;
				DEVELOPMENT_TEAM = PNH8U7HQY6;
				GENERATE_INFOPLIST_FILE = YES;
				INFOPLIST_FILE = CIFilterPlayground/Info.plist;
				INFOPLIST_KEY_UIApplicationSupportsIndirectInputEvents = YES;
				INFOPLIST_KEY_UILaunchStoryboardName = LaunchScreen;
				INFOPLIST_KEY_UIMainStoryboardFile = LaunchScreen;
				INFOPLIST_KEY_UISupportedInterfaceOrientations_iPad = "UIInterfaceOrientationPortrait UIInterfaceOrientationPortraitUpsideDown UIInterfaceOrientationLandscapeLeft UIInterfaceOrientationLandscapeRight";
				INFOPLIST_KEY_UISupportedInterfaceOrientations_iPhone = "UIInterfaceOrientationPortrait UIInterfaceOrientationLandscapeLeft UIInterfaceOrientationLandscapeRight";
				LD_RUNPATH_SEARCH_PATHS = (
					"$(inherited)",
					"@executable_path/Frameworks",
				);
				MARKETING_VERSION = 1.0;
				PRODUCT_BUNDLE_IDENTIFIER = swift.CIFilterPlayground;
				PRODUCT_NAME = "$(TARGET_NAME)";
				SWIFT_EMIT_LOC_STRINGS = YES;
				SWIFT_VERSION = 5.0;
				TARGETED_DEVICE_FAMILY = "1,2";
			};
			name = Release;
		};
/* End XCBuildConfiguration section */

/* Begin XCConfigurationList section */
		6C76290A27FC48DB005756E5 /* Build configuration list for PBXProject "CIFilterPlayground" */ = {
			isa = XCConfigurationList;
			buildConfigurations = (
				6C76292127FC48DE005756E5 /* Debug */,
				6C76292227FC48DE005756E5 /* Release */,
			);
			defaultConfigurationIsVisible = 0;
			defaultConfigurationName = Release;
		};
		6C76292327FC48DE005756E5 /* Build configuration list for PBXNativeTarget "CIFilterPlayground" */ = {
			isa = XCConfigurationList;
			buildConfigurations = (
				6C76292427FC48DE005756E5 /* Debug */,
				6C76292527FC48DE005756E5 /* Release */,
			);
			defaultConfigurationIsVisible = 0;
			defaultConfigurationName = Release;
		};
/* End XCConfigurationList section */
	};
	rootObject = 6C76290727FC48DB005756E5 /* Project object */;
}
